
Microsoft Visual Studio Solution File, Format Version 12.00
# Visual Studio 15
VisualStudioVersion = 15.0.27130.2020
MinimumVisualStudioVersion = 10.0.40219.1
Project("{8BC9CEB8-8B4A-11D0-8D11-00A0C91BC942}") = "Role Playing game", "Role Playing game\Role Playing game.vcxproj", "{9FA6F21F-12AA-47E0-98F7-8E1E35E2AF05}"
EndProject
Global
	GlobalSection(SolutionConfigurationPlatforms) = preSolution
		Debug|x64 = Debug|x64
		Debug|x86 = Debug|x86
		Release|x64 = Release|x64
		Release|x86 = Release|x86
	EndGlobalSection
	GlobalSection(ProjectConfigurationPlatforms) = postSolution
		{9FA6F21F-12AA-47E0-98F7-8E1E35E2AF05}.Debug|x64.ActiveCfg = Debug|x64
		{9FA6F21F-12AA-47E0-98F7-8E1E35E2AF05}.Debug|x64.Build.0 = Debug|x64
		{9FA6F21F-12AA-47E0-98F7-8E1E35E2AF05}.Debug|x86.ActiveCfg = Debug|Win32
		{9FA6F21F-12AA-47E0-98F7-8E1E35E2AF05}.Debug|x86.Build.0 = Debug|Win32
		{9FA6F21F-12AA-47E0-98F7-8E1E35E2AF05}.Release|x64.ActiveCfg = Release|x64
		{9FA6F21F-12AA-47E0-98F7-8E1E35E2AF05}.Release|x64.Build.0 = Release|x64
		{9FA6F21F-12AA-47E0-98F7-8E1E35E2AF05}.Release|x86.ActiveCfg = Release|Win32
		{9FA6F21F-12AA-47E0-98F7-8E1E35E2AF05}.Release|x86.Build.0 = Release|Win32
	EndGlobalSection
	GlobalSection(SolutionProperties) = preSolution
		HideSolutionNode = FALSE
	EndGlobalSection
	GlobalSection(ExtensibilityGlobals) = postSolution
		SolutionGuid = {EEC1C222-4ED7-4B67-9A3D-5A4FEBD08FBA}
	EndGlobalSection
EndGlobal
